
Microsoft Visual Studio Solution File, Format Version 12.00
# Visual Studio Version 17
VisualStudioVersion = 17.5.33516.290
MinimumVisualStudioVersion = 10.0.40219.1
Project("{FAE04EC0-301F-11D3-BF4B-00C04F79EFBC}") = "RecipeAppAPI", "RecipeAppAPI\RecipeAppAPI.csproj", "{B0139825-6155-42C5-8537-ECE2E3C3630A}"
EndProject
Global
	GlobalSection(SolutionConfigurationPlatforms) = preSolution
		Debug|Any CPU = Debug|Any CPU
		Release|Any CPU = Release|Any CPU
	EndGlobalSection
	GlobalSection(ProjectConfigurationPlatforms) = postSolution
		{B0139825-6155-42C5-8537-ECE2E3C3630A}.Debug|Any CPU.ActiveCfg = Debug|Any CPU
		{B0139825-6155-42C5-8537-ECE2E3C3630A}.Debug|Any CPU.Build.0 = Debug|Any CPU
		{B0139825-6155-42C5-8537-ECE2E3C3630A}.Release|Any CPU.ActiveCfg = Release|Any CPU
		{B0139825-6155-42C5-8537-ECE2E3C3630A}.Release|Any CPU.Build.0 = Release|Any CPU
	EndGlobalSection
	GlobalSection(SolutionProperties) = preSolution
		HideSolutionNode = FALSE
	EndGlobalSection
	GlobalSection(ExtensibilityGlobals) = postSolution
		SolutionGuid = {4422DD57-D48C-44E6-B814-8601240E729E}
	EndGlobalSection
EndGlobal
