
Microsoft Visual Studio Solution File, Format Version 12.00
# Visual Studio Version 17
VisualStudioVersion = 17.7.34031.279
MinimumVisualStudioVersion = 10.0.40219.1
Project("{FAE04EC0-301F-11D3-BF4B-00C04F79EFBC}") = "recipeappAPI", "recipeappAPI\recipeappAPI.csproj", "{2BBA3C0C-8984-4756-8DB5-1D4A598637DC}"
EndProject
Global
	GlobalSection(SolutionConfigurationPlatforms) = preSolution
		Debug|Any CPU = Debug|Any CPU
		Release|Any CPU = Release|Any CPU
	EndGlobalSection
	GlobalSection(ProjectConfigurationPlatforms) = postSolution
		{2BBA3C0C-8984-4756-8DB5-1D4A598637DC}.Debug|Any CPU.ActiveCfg = Debug|Any CPU
		{2BBA3C0C-8984-4756-8DB5-1D4A598637DC}.Debug|Any CPU.Build.0 = Debug|Any CPU
		{2BBA3C0C-8984-4756-8DB5-1D4A598637DC}.Release|Any CPU.ActiveCfg = Release|Any CPU
		{2BBA3C0C-8984-4756-8DB5-1D4A598637DC}.Release|Any CPU.Build.0 = Release|Any CPU
	EndGlobalSection
	GlobalSection(SolutionProperties) = preSolution
		HideSolutionNode = FALSE
	EndGlobalSection
	GlobalSection(ExtensibilityGlobals) = postSolution
		SolutionGuid = {EF1BA4FD-894E-4FA0-84F8-58E9B3FF95E8}
	EndGlobalSection
EndGlobal
